// !$*UTF8*$!
{
	archiveVersion = 1;
	classes = {
	};
	objectVersion = 56;
	objects = {

/* Begin PBXBuildFile section */
		6DB63C2D2ADE4E3300061840 /* DynamicChartView.swift in Sources */ = {isa = PBXBuildFile; fileRef = 6DB63C2C2ADE4E3300061840 /* DynamicChartView.swift */; };
		6DB63C2F2ADE513600061840 /* PetData.swift in Sources */ = {isa = PBXBuildFile; fileRef = 6DB63C2E2ADE513600061840 /* PetData.swift */; };
		6DB63C312ADE51C500061840 /* PetStatsView.swift in Sources */ = {isa = PBXBuildFile; fileRef = 6DB63C302ADE51C500061840 /* PetStatsView.swift */; };
		6DB63C332ADE5A2500061840 /* BarChartExampleView.swift in Sources */ = {isa = PBXBuildFile; fileRef = 6DB63C322ADE5A2500061840 /* BarChartExampleView.swift */; };
		6DB63C352ADE5A6100061840 /* LineChartExampleView.swift in Sources */ = {isa = PBXBuildFile; fileRef = 6DB63C342ADE5A6100061840 /* LineChartExampleView.swift */; };
		6DB63C372ADE5A6C00061840 /* PieChartExampleView.swift in Sources */ = {isa = PBXBuildFile; fileRef = 6DB63C362ADE5A6C00061840 /* PieChartExampleView.swift */; };
		6DB63C392ADE5A8900061840 /* PointChartExampleView.swift in Sources */ = {isa = PBXBuildFile; fileRef = 6DB63C382ADE5A8900061840 /* PointChartExampleView.swift */; };
		6DB63C3B2ADE5AA300061840 /* AreaChartExampleView.swift in Sources */ = {isa = PBXBuildFile; fileRef = 6DB63C3A2ADE5AA300061840 /* AreaChartExampleView.swift */; };
		6DB63C3D2ADE5ACA00061840 /* RuleChartExampleView.swift in Sources */ = {isa = PBXBuildFile; fileRef = 6DB63C3C2ADE5ACA00061840 /* RuleChartExampleView.swift */; };
		6DB63C3F2ADE5B0A00061840 /* RectangleChartExampleView.swift in Sources */ = {isa = PBXBuildFile; fileRef = 6DB63C3E2ADE5B0A00061840 /* RectangleChartExampleView.swift */; };
		6DD9AE0B2AD7C62100E2578C /* ExploreChartsApp.swift in Sources */ = {isa = PBXBuildFile; fileRef = 6DD9AE0A2AD7C62100E2578C /* ExploreChartsApp.swift */; };
		6DD9AE0D2AD7C62100E2578C /* ContentView.swift in Sources */ = {isa = PBXBuildFile; fileRef = 6DD9AE0C2AD7C62100E2578C /* ContentView.swift */; };
		6DD9AE0F2AD7C62600E2578C /* Assets.xcassets in Resources */ = {isa = PBXBuildFile; fileRef = 6DD9AE0E2AD7C62600E2578C /* Assets.xcassets */; };
		6DD9AE122AD7C62600E2578C /* Preview Assets.xcassets in Resources */ = {isa = PBXBuildFile; fileRef = 6DD9AE112AD7C62600E2578C /* Preview Assets.xcassets */; };
		6DD9AE1C2AD7C62700E2578C /* ExploreChartsTests.swift in Sources */ = {isa = PBXBuildFile; fileRef = 6DD9AE1B2AD7C62700E2578C /* ExploreChartsTests.swift */; };
		6DD9AE262AD7C62700E2578C /* ExploreChartsUITests.swift in Sources */ = {isa = PBXBuildFile; fileRef = 6DD9AE252AD7C62700E2578C /* ExploreChartsUITests.swift */; };
		6DD9AE282AD7C62700E2578C /* ExploreChartsUITestsLaunchTests.swift in Sources */ = {isa = PBXBuildFile; fileRef = 6DD9AE272AD7C62700E2578C /* ExploreChartsUITestsLaunchTests.swift */; };
		6DD9AE3B2AD7CA3300E2578C /* StaticChartView.swift in Sources */ = {isa = PBXBuildFile; fileRef = 6DD9AE3A2AD7CA3300E2578C /* StaticChartView.swift */; };
/* End PBXBuildFile section */

/* Begin PBXContainerItemProxy section */
		6DD9AE182AD7C62700E2578C /* PBXContainerItemProxy */ = {
			isa = PBXContainerItemProxy;
			containerPortal = 6DD9ADFF2AD7C62100E2578C /* Project object */;
			proxyType = 1;
			remoteGlobalIDString = 6DD9AE062AD7C62100E2578C;
			remoteInfo = ExploreCharts;
		};
		6DD9AE222AD7C62700E2578C /* PBXContainerItemProxy */ = {
			isa = PBXContainerItemProxy;
			containerPortal = 6DD9ADFF2AD7C62100E2578C /* Project object */;
			proxyType = 1;
			remoteGlobalIDString = 6DD9AE062AD7C62100E2578C;
			remoteInfo = ExploreCharts;
		};
/* End PBXContainerItemProxy section */

/* Begin PBXFileReference section */
		6DB63C2C2ADE4E3300061840 /* DynamicChartView.swift */ = {isa = PBXFileReference; lastKnownFileType = sourcecode.swift; path = DynamicChartView.swift; sourceTree = "<group>"; };
		6DB63C2E2ADE513600061840 /* PetData.swift */ = {isa = PBXFileReference; lastKnownFileType = sourcecode.swift; path = PetData.swift; sourceTree = "<group>"; };
		6DB63C302ADE51C500061840 /* PetStatsView.swift */ = {isa = PBXFileReference; lastKnownFileType = sourcecode.swift; path = PetStatsView.swift; sourceTree = "<group>"; };
		6DB63C322ADE5A2500061840 /* BarChartExampleView.swift */ = {isa = PBXFileReference; lastKnownFileType = sourcecode.swift; path = BarChartExampleView.swift; sourceTree = "<group>"; };
		6DB63C342ADE5A6100061840 /* LineChartExampleView.swift */ = {isa = PBXFileReference; lastKnownFileType = sourcecode.swift; path = LineChartExampleView.swift; sourceTree = "<group>"; };
		6DB63C362ADE5A6C00061840 /* PieChartExampleView.swift */ = {isa = PBXFileReference; lastKnownFileType = sourcecode.swift; path = PieChartExampleView.swift; sourceTree = "<group>"; };
		6DB63C382ADE5A8900061840 /* PointChartExampleView.swift */ = {isa = PBXFileReference; lastKnownFileType = sourcecode.swift; path = PointChartExampleView.swift; sourceTree = "<group>"; };
		6DB63C3A2ADE5AA300061840 /* AreaChartExampleView.swift */ = {isa = PBXFileReference; lastKnownFileType = sourcecode.swift; path = AreaChartExampleView.swift; sourceTree = "<group>"; };
		6DB63C3C2ADE5ACA00061840 /* RuleChartExampleView.swift */ = {isa = PBXFileReference; lastKnownFileType = sourcecode.swift; path = RuleChartExampleView.swift; sourceTree = "<group>"; };
		6DB63C3E2ADE5B0A00061840 /* RectangleChartExampleView.swift */ = {isa = PBXFileReference; lastKnownFileType = sourcecode.swift; path = RectangleChartExampleView.swift; sourceTree = "<group>"; };
		6DD9AE072AD7C62100E2578C /* ExploreCharts.app */ = {isa = PBXFileReference; explicitFileType = wrapper.application; includeInIndex = 0; path = ExploreCharts.app; sourceTree = BUILT_PRODUCTS_DIR; };
		6DD9AE0A2AD7C62100E2578C /* ExploreChartsApp.swift */ = {isa = PBXFileReference; lastKnownFileType = sourcecode.swift; path = ExploreChartsApp.swift; sourceTree = "<group>"; };
		6DD9AE0C2AD7C62100E2578C /* ContentView.swift */ = {isa = PBXFileReference; lastKnownFileType = sourcecode.swift; path = ContentView.swift; sourceTree = "<group>"; };
		6DD9AE0E2AD7C62600E2578C /* Assets.xcassets */ = {isa = PBXFileReference; lastKnownFileType = folder.assetcatalog; path = Assets.xcassets; sourceTree = "<group>"; };
		6DD9AE112AD7C62600E2578C /* Preview Assets.xcassets */ = {isa = PBXFileReference; lastKnownFileType = folder.assetcatalog; path = "Preview Assets.xcassets"; sourceTree = "<group>"; };
		6DD9AE172AD7C62700E2578C /* ExploreChartsTests.xctest */ = {isa = PBXFileReference; explicitFileType = wrapper.cfbundle; includeInIndex = 0; path = ExploreChartsTests.xctest; sourceTree = BUILT_PRODUCTS_DIR; };
		6DD9AE1B2AD7C62700E2578C /* ExploreChartsTests.swift */ = {isa = PBXFileReference; lastKnownFileType = sourcecode.swift; path = ExploreChartsTests.swift; sourceTree = "<group>"; };
		6DD9AE212AD7C62700E2578C /* ExploreChartsUITests.xctest */ = {isa = PBXFileReference; explicitFileType = wrapper.cfbundle; includeInIndex = 0; path = ExploreChartsUITests.xctest; sourceTree = BUILT_PRODUCTS_DIR; };
		6DD9AE252AD7C62700E2578C /* ExploreChartsUITests.swift */ = {isa = PBXFileReference; lastKnownFileType = sourcecode.swift; path = ExploreChartsUITests.swift; sourceTree = "<group>"; };
		6DD9AE272AD7C62700E2578C /* ExploreChartsUITestsLaunchTests.swift */ = {isa = PBXFileReference; lastKnownFileType = sourcecode.swift; path = ExploreChartsUITestsLaunchTests.swift; sourceTree = "<group>"; };
		6DD9AE3A2AD7CA3300E2578C /* StaticChartView.swift */ = {isa = PBXFileReference; lastKnownFileType = sourcecode.swift; path = StaticChartView.swift; sourceTree = "<group>"; };
/* End PBXFileReference section */

/* Begin PBXFrameworksBuildPhase section */
		6DD9AE042AD7C62100E2578C /* Frameworks */ = {
			isa = PBXFrameworksBuildPhase;
			buildActionMask = 2147483647;
			files = (
			);
			runOnlyForDeploymentPostprocessing = 0;
		};
		6DD9AE142AD7C62700E2578C /* Frameworks */ = {
			isa = PBXFrameworksBuildPhase;
			buildActionMask = 2147483647;
			files = (
			);
			runOnlyForDeploymentPostprocessing = 0;
		};
		6DD9AE1E2AD7C62700E2578C /* Frameworks */ = {
			isa = PBXFrameworksBuildPhase;
			buildActionMask = 2147483647;
			files = (
			);
			runOnlyForDeploymentPostprocessing = 0;
		};
/* End PBXFrameworksBuildPhase section */

/* Begin PBXGroup section */
		6DD9ADFE2AD7C62100E2578C = {
			isa = PBXGroup;
			children = (
				6DD9AE092AD7C62100E2578C /* ExploreCharts */,
				6DD9AE1A2AD7C62700E2578C /* ExploreChartsTests */,
				6DD9AE242AD7C62700E2578C /* ExploreChartsUITests */,
				6DD9AE082AD7C62100E2578C /* Products */,
			);
			sourceTree = "<group>";
		};
		6DD9AE082AD7C62100E2578C /* Products */ = {
			isa = PBXGroup;
			children = (
				6DD9AE072AD7C62100E2578C /* ExploreCharts.app */,
				6DD9AE172AD7C62700E2578C /* ExploreChartsTests.xctest */,
				6DD9AE212AD7C62700E2578C /* ExploreChartsUITests.xctest */,
			);
			name = Products;
			sourceTree = "<group>";
		};
		6DD9AE092AD7C62100E2578C /* ExploreCharts */ = {
			isa = PBXGroup;
			children = (
				6DD9AE372AD7C99500E2578C /* source */,
				6DD9AE362AD7C96900E2578C /* model */,
				6DD9AE352AD7C96100E2578C /* view */,
				6DD9AE342AD7C95600E2578C /* view model */,
				6DD9AE0A2AD7C62100E2578C /* ExploreChartsApp.swift */,
				6DD9AE0C2AD7C62100E2578C /* ContentView.swift */,
				6DD9AE0E2AD7C62600E2578C /* Assets.xcassets */,
				6DD9AE102AD7C62600E2578C /* Preview Content */,
			);
			path = ExploreCharts;
			sourceTree = "<group>";
		};
		6DD9AE102AD7C62600E2578C /* Preview Content */ = {
			isa = PBXGroup;
			children = (
				6DD9AE112AD7C62600E2578C /* Preview Assets.xcassets */,
			);
			path = "Preview Content";
			sourceTree = "<group>";
		};
		6DD9AE1A2AD7C62700E2578C /* ExploreChartsTests */ = {
			isa = PBXGroup;
			children = (
				6DD9AE1B2AD7C62700E2578C /* ExploreChartsTests.swift */,
			);
			path = ExploreChartsTests;
			sourceTree = "<group>";
		};
		6DD9AE242AD7C62700E2578C /* ExploreChartsUITests */ = {
			isa = PBXGroup;
			children = (
				6DD9AE252AD7C62700E2578C /* ExploreChartsUITests.swift */,
				6DD9AE272AD7C62700E2578C /* ExploreChartsUITestsLaunchTests.swift */,
			);
			path = ExploreChartsUITests;
			sourceTree = "<group>";
		};
		6DD9AE342AD7C95600E2578C /* view model */ = {
			isa = PBXGroup;
			children = (
			);
			path = "view model";
			sourceTree = "<group>";
		};
		6DD9AE352AD7C96100E2578C /* view */ = {
			isa = PBXGroup;
			children = (
			);
			path = view;
			sourceTree = "<group>";
		};
		6DD9AE362AD7C96900E2578C /* model */ = {
			isa = PBXGroup;
			children = (
			);
			path = model;
			sourceTree = "<group>";
		};
		6DD9AE372AD7C99500E2578C /* source */ = {
			isa = PBXGroup;
			children = (
				6DD9AE392AD7C9B900E2578C /* chart data */,
				6DD9AE382AD7C9AE00E2578C /* chart types */,
			);
			path = source;
			sourceTree = "<group>";
		};
		6DD9AE382AD7C9AE00E2578C /* chart types */ = {
			isa = PBXGroup;
			children = (
				6DD9AE3A2AD7CA3300E2578C /* StaticChartView.swift */,
				6DB63C2C2ADE4E3300061840 /* DynamicChartView.swift */,
				6DB63C322ADE5A2500061840 /* BarChartExampleView.swift */,
				6DB63C342ADE5A6100061840 /* LineChartExampleView.swift */,
				6DB63C362ADE5A6C00061840 /* PieChartExampleView.swift */,
				6DB63C382ADE5A8900061840 /* PointChartExampleView.swift */,
				6DB63C3A2ADE5AA300061840 /* AreaChartExampleView.swift */,
				6DB63C3C2ADE5ACA00061840 /* RuleChartExampleView.swift */,
				6DB63C3E2ADE5B0A00061840 /* RectangleChartExampleView.swift */,
			);
			path = "chart types";
			sourceTree = "<group>";
		};
		6DD9AE392AD7C9B900E2578C /* chart data */ = {
			isa = PBXGroup;
			children = (
				6DB63C2E2ADE513600061840 /* PetData.swift */,
				6DB63C302ADE51C500061840 /* PetStatsView.swift */,
			);
			path = "chart data";
			sourceTree = "<group>";
		};
/* End PBXGroup section */

/* Begin PBXNativeTarget section */
		6DD9AE062AD7C62100E2578C /* ExploreCharts */ = {
			isa = PBXNativeTarget;
			buildConfigurationList = 6DD9AE2B2AD7C62700E2578C /* Build configuration list for PBXNativeTarget "ExploreCharts" */;
			buildPhases = (
				6DD9AE032AD7C62100E2578C /* Sources */,
				6DD9AE042AD7C62100E2578C /* Frameworks */,
				6DD9AE052AD7C62100E2578C /* Resources */,
			);
			buildRules = (
			);
			dependencies = (
			);
			name = ExploreCharts;
			productName = ExploreCharts;
			productReference = 6DD9AE072AD7C62100E2578C /* ExploreCharts.app */;
			productType = "com.apple.product-type.application";
		};
		6DD9AE162AD7C62700E2578C /* ExploreChartsTests */ = {
			isa = PBXNativeTarget;
			buildConfigurationList = 6DD9AE2E2AD7C62700E2578C /* Build configuration list for PBXNativeTarget "ExploreChartsTests" */;
			buildPhases = (
				6DD9AE132AD7C62700E2578C /* Sources */,
				6DD9AE142AD7C62700E2578C /* Frameworks */,
				6DD9AE152AD7C62700E2578C /* Resources */,
			);
			buildRules = (
			);
			dependencies = (
				6DD9AE192AD7C62700E2578C /* PBXTargetDependency */,
			);
			name = ExploreChartsTests;
			productName = ExploreChartsTests;
			productReference = 6DD9AE172AD7C62700E2578C /* ExploreChartsTests.xctest */;
			productType = "com.apple.product-type.bundle.unit-test";
		};
		6DD9AE202AD7C62700E2578C /* ExploreChartsUITests */ = {
			isa = PBXNativeTarget;
			buildConfigurationList = 6DD9AE312AD7C62700E2578C /* Build configuration list for PBXNativeTarget "ExploreChartsUITests" */;
			buildPhases = (
				6DD9AE1D2AD7C62700E2578C /* Sources */,
				6DD9AE1E2AD7C62700E2578C /* Frameworks */,
				6DD9AE1F2AD7C62700E2578C /* Resources */,
			);
			buildRules = (
			);
			dependencies = (
				6DD9AE232AD7C62700E2578C /* PBXTargetDependency */,
			);
			name = ExploreChartsUITests;
			productName = ExploreChartsUITests;
			productReference = 6DD9AE212AD7C62700E2578C /* ExploreChartsUITests.xctest */;
			productType = "com.apple.product-type.bundle.ui-testing";
		};
/* End PBXNativeTarget section */

/* Begin PBXProject section */
		6DD9ADFF2AD7C62100E2578C /* Project object */ = {
			isa = PBXProject;
			attributes = {
				BuildIndependentTargetsInParallel = 1;
				LastSwiftUpdateCheck = 1500;
				LastUpgradeCheck = 1500;
				TargetAttributes = {
					6DD9AE062AD7C62100E2578C = {
						CreatedOnToolsVersion = 15.0;
					};
					6DD9AE162AD7C62700E2578C = {
						CreatedOnToolsVersion = 15.0;
						TestTargetID = 6DD9AE062AD7C62100E2578C;
					};
					6DD9AE202AD7C62700E2578C = {
						CreatedOnToolsVersion = 15.0;
						TestTargetID = 6DD9AE062AD7C62100E2578C;
					};
				};
			};
			buildConfigurationList = 6DD9AE022AD7C62100E2578C /* Build configuration list for PBXProject "ExploreCharts" */;
			compatibilityVersion = "Xcode 14.0";
			developmentRegion = en;
			hasScannedForEncodings = 0;
			knownRegions = (
				en,
				Base,
			);
			mainGroup = 6DD9ADFE2AD7C62100E2578C;
			productRefGroup = 6DD9AE082AD7C62100E2578C /* Products */;
			projectDirPath = "";
			projectRoot = "";
			targets = (
				6DD9AE062AD7C62100E2578C /* ExploreCharts */,
				6DD9AE162AD7C62700E2578C /* ExploreChartsTests */,
				6DD9AE202AD7C62700E2578C /* ExploreChartsUITests */,
			);
		};
/* End PBXProject section */

/* Begin PBXResourcesBuildPhase section */
		6DD9AE052AD7C62100E2578C /* Resources */ = {
			isa = PBXResourcesBuildPhase;
			buildActionMask = 2147483647;
			files = (
				6DD9AE122AD7C62600E2578C /* Preview Assets.xcassets in Resources */,
				6DD9AE0F2AD7C62600E2578C /* Assets.xcassets in Resources */,
			);
			runOnlyForDeploymentPostprocessing = 0;
		};
		6DD9AE152AD7C62700E2578C /* Resources */ = {
			isa = PBXResourcesBuildPhase;
			buildActionMask = 2147483647;
			files = (
			);
			runOnlyForDeploymentPostprocessing = 0;
		};
		6DD9AE1F2AD7C62700E2578C /* Resources */ = {
			isa = PBXResourcesBuildPhase;
			buildActionMask = 2147483647;
			files = (
			);
			runOnlyForDeploymentPostprocessing = 0;
		};
/* End PBXResourcesBuildPhase section */

/* Begin PBXSourcesBuildPhase section */
		6DD9AE032AD7C62100E2578C /* Sources */ = {
			isa = PBXSourcesBuildPhase;
			buildActionMask = 2147483647;
			files = (
				6DB63C3B2ADE5AA300061840 /* AreaChartExampleView.swift in Sources */,
				6DB63C2F2ADE513600061840 /* PetData.swift in Sources */,
				6DD9AE0D2AD7C62100E2578C /* ContentView.swift in Sources */,
				6DD9AE0B2AD7C62100E2578C /* ExploreChartsApp.swift in Sources */,
				6DD9AE3B2AD7CA3300E2578C /* StaticChartView.swift in Sources */,
				6DB63C332ADE5A2500061840 /* BarChartExampleView.swift in Sources */,
				6DB63C392ADE5A8900061840 /* PointChartExampleView.swift in Sources */,
				6DB63C312ADE51C500061840 /* PetStatsView.swift in Sources */,
				6DB63C3F2ADE5B0A00061840 /* RectangleChartExampleView.swift in Sources */,
				6DB63C352ADE5A6100061840 /* LineChartExampleView.swift in Sources */,
				6DB63C372ADE5A6C00061840 /* PieChartExampleView.swift in Sources */,
				6DB63C3D2ADE5ACA00061840 /* RuleChartExampleView.swift in Sources */,
				6DB63C2D2ADE4E3300061840 /* DynamicChartView.swift in Sources */,
			);
			runOnlyForDeploymentPostprocessing = 0;
		};
		6DD9AE132AD7C62700E2578C /* Sources */ = {
			isa = PBXSourcesBuildPhase;
			buildActionMask = 2147483647;
			files = (
				6DD9AE1C2AD7C62700E2578C /* ExploreChartsTests.swift in Sources */,
			);
			runOnlyForDeploymentPostprocessing = 0;
		};
		6DD9AE1D2AD7C62700E2578C /* Sources */ = {
			isa = PBXSourcesBuildPhase;
			buildActionMask = 2147483647;
			files = (
				6DD9AE262AD7C62700E2578C /* ExploreChartsUITests.swift in Sources */,
				6DD9AE282AD7C62700E2578C /* ExploreChartsUITestsLaunchTests.swift in Sources */,
			);
			runOnlyForDeploymentPostprocessing = 0;
		};
/* End PBXSourcesBuildPhase section */

/* Begin PBXTargetDependency section */
		6DD9AE192AD7C62700E2578C /* PBXTargetDependency */ = {
			isa = PBXTargetDependency;
			target = 6DD9AE062AD7C62100E2578C /* ExploreCharts */;
			targetProxy = 6DD9AE182AD7C62700E2578C /* PBXContainerItemProxy */;
		};
		6DD9AE232AD7C62700E2578C /* PBXTargetDependency */ = {
			isa = PBXTargetDependency;
			target = 6DD9AE062AD7C62100E2578C /* ExploreCharts */;
			targetProxy = 6DD9AE222AD7C62700E2578C /* PBXContainerItemProxy */;
		};
/* End PBXTargetDependency section */

/* Begin XCBuildConfiguration section */
		6DD9AE292AD7C62700E2578C /* Debug */ = {
			isa = XCBuildConfiguration;
			buildSettings = {
				ALWAYS_SEARCH_USER_PATHS = NO;
				ASSETCATALOG_COMPILER_GENERATE_SWIFT_ASSET_SYMBOL_EXTENSIONS = YES;
				CLANG_ANALYZER_NONNULL = YES;
				CLANG_ANALYZER_NUMBER_OBJECT_CONVERSION = YES_AGGRESSIVE;
				CLANG_CXX_LANGUAGE_STANDARD = "gnu++20";
				CLANG_ENABLE_MODULES = YES;
				CLANG_ENABLE_OBJC_ARC = YES;
				CLANG_ENABLE_OBJC_WEAK = YES;
				CLANG_WARN_BLOCK_CAPTURE_AUTORELEASING = YES;
				CLANG_WARN_BOOL_CONVERSION = YES;
				CLANG_WARN_COMMA = YES;
				CLANG_WARN_CONSTANT_CONVERSION = YES;
				CLANG_WARN_DEPRECATED_OBJC_IMPLEMENTATIONS = YES;
				CLANG_WARN_DIRECT_OBJC_ISA_USAGE = YES_ERROR;
				CLANG_WARN_DOCUMENTATION_COMMENTS = YES;
				CLANG_WARN_EMPTY_BODY = YES;
				CLANG_WARN_ENUM_CONVERSION = YES;
				CLANG_WARN_INFINITE_RECURSION = YES;
				CLANG_WARN_INT_CONVERSION = YES;
				CLANG_WARN_NON_LITERAL_NULL_CONVERSION = YES;
				CLANG_WARN_OBJC_IMPLICIT_RETAIN_SELF = YES;
				CLANG_WARN_OBJC_LITERAL_CONVERSION = YES;
				CLANG_WARN_OBJC_ROOT_CLASS = YES_ERROR;
				CLANG_WARN_QUOTED_INCLUDE_IN_FRAMEWORK_HEADER = YES;
				CLANG_WARN_RANGE_LOOP_ANALYSIS = YES;
				CLANG_WARN_STRICT_PROTOTYPES = YES;
				CLANG_WARN_SUSPICIOUS_MOVE = YES;
				CLANG_WARN_UNGUARDED_AVAILABILITY = YES_AGGRESSIVE;
				CLANG_WARN_UNREACHABLE_CODE = YES;
				CLANG_WARN__DUPLICATE_METHOD_MATCH = YES;
				COPY_PHASE_STRIP = NO;
				DEBUG_INFORMATION_FORMAT = dwarf;
				ENABLE_STRICT_OBJC_MSGSEND = YES;
				ENABLE_TESTABILITY = YES;
				ENABLE_USER_SCRIPT_SANDBOXING = YES;
				GCC_C_LANGUAGE_STANDARD = gnu17;
				GCC_DYNAMIC_NO_PIC = NO;
				GCC_NO_COMMON_BLOCKS = YES;
				GCC_OPTIMIZATION_LEVEL = 0;
				GCC_PREPROCESSOR_DEFINITIONS = (
					"DEBUG=1",
					"$(inherited)",
				);
				GCC_WARN_64_TO_32_BIT_CONVERSION = YES;
				GCC_WARN_ABOUT_RETURN_TYPE = YES_ERROR;
				GCC_WARN_UNDECLARED_SELECTOR = YES;
				GCC_WARN_UNINITIALIZED_AUTOS = YES_AGGRESSIVE;
				GCC_WARN_UNUSED_FUNCTION = YES;
				GCC_WARN_UNUSED_VARIABLE = YES;
				IPHONEOS_DEPLOYMENT_TARGET = 17.0;
				LOCALIZATION_PREFERS_STRING_CATALOGS = YES;
				MTL_ENABLE_DEBUG_INFO = INCLUDE_SOURCE;
				MTL_FAST_MATH = YES;
				ONLY_ACTIVE_ARCH = YES;
				SDKROOT = iphoneos;
				SWIFT_ACTIVE_COMPILATION_CONDITIONS = "DEBUG $(inherited)";
				SWIFT_OPTIMIZATION_LEVEL = "-Onone";
			};
			name = Debug;
		};
		6DD9AE2A2AD7C62700E2578C /* Release */ = {
			isa = XCBuildConfiguration;
			buildSettings = {
				ALWAYS_SEARCH_USER_PATHS = NO;
				ASSETCATALOG_COMPILER_GENERATE_SWIFT_ASSET_SYMBOL_EXTENSIONS = YES;
				CLANG_ANALYZER_NONNULL = YES;
				CLANG_ANALYZER_NUMBER_OBJECT_CONVERSION = YES_AGGRESSIVE;
				CLANG_CXX_LANGUAGE_STANDARD = "gnu++20";
				CLANG_ENABLE_MODULES = YES;
				CLANG_ENABLE_OBJC_ARC = YES;
				CLANG_ENABLE_OBJC_WEAK = YES;
				CLANG_WARN_BLOCK_CAPTURE_AUTORELEASING = YES;
				CLANG_WARN_BOOL_CONVERSION = YES;
				CLANG_WARN_COMMA = YES;
				CLANG_WARN_CONSTANT_CONVERSION = YES;
				CLANG_WARN_DEPRECATED_OBJC_IMPLEMENTATIONS = YES;
				CLANG_WARN_DIRECT_OBJC_ISA_USAGE = YES_ERROR;
				CLANG_WARN_DOCUMENTATION_COMMENTS = YES;
				CLANG_WARN_EMPTY_BODY = YES;
				CLANG_WARN_ENUM_CONVERSION = YES;
				CLANG_WARN_INFINITE_RECURSION = YES;
				CLANG_WARN_INT_CONVERSION = YES;
				CLANG_WARN_NON_LITERAL_NULL_CONVERSION = YES;
				CLANG_WARN_OBJC_IMPLICIT_RETAIN_SELF = YES;
				CLANG_WARN_OBJC_LITERAL_CONVERSION = YES;
				CLANG_WARN_OBJC_ROOT_CLASS = YES_ERROR;
				CLANG_WARN_QUOTED_INCLUDE_IN_FRAMEWORK_HEADER = YES;
				CLANG_WARN_RANGE_LOOP_ANALYSIS = YES;
				CLANG_WARN_STRICT_PROTOTYPES = YES;
				CLANG_WARN_SUSPICIOUS_MOVE = YES;
				CLANG_WARN_UNGUARDED_AVAILABILITY = YES_AGGRESSIVE;
				CLANG_WARN_UNREACHABLE_CODE = YES;
				CLANG_WARN__DUPLICATE_METHOD_MATCH = YES;
				COPY_PHASE_STRIP = NO;
				DEBUG_INFORMATION_FORMAT = "dwarf-with-dsym";
				ENABLE_NS_ASSERTIONS = NO;
				ENABLE_STRICT_OBJC_MSGSEND = YES;
				ENABLE_USER_SCRIPT_SANDBOXING = YES;
				GCC_C_LANGUAGE_STANDARD = gnu17;
				GCC_NO_COMMON_BLOCKS = YES;
				GCC_WARN_64_TO_32_BIT_CONVERSION = YES;
				GCC_WARN_ABOUT_RETURN_TYPE = YES_ERROR;
				GCC_WARN_UNDECLARED_SELECTOR = YES;
				GCC_WARN_UNINITIALIZED_AUTOS = YES_AGGRESSIVE;
				GCC_WARN_UNUSED_FUNCTION = YES;
				GCC_WARN_UNUSED_VARIABLE = YES;
				IPHONEOS_DEPLOYMENT_TARGET = 17.0;
				LOCALIZATION_PREFERS_STRING_CATALOGS = YES;
				MTL_ENABLE_DEBUG_INFO = NO;
				MTL_FAST_MATH = YES;
				SDKROOT = iphoneos;
				SWIFT_COMPILATION_MODE = wholemodule;
				VALIDATE_PRODUCT = YES;
			};
			name = Release;
		};
		6DD9AE2C2AD7C62700E2578C /* Debug */ = {
			isa = XCBuildConfiguration;
			buildSettings = {
				ASSETCATALOG_COMPILER_APPICON_NAME = AppIcon;
				ASSETCATALOG_COMPILER_GLOBAL_ACCENT_COLOR_NAME = AccentColor;
				CODE_SIGN_STYLE = Automatic;
				CURRENT_PROJECT_VERSION = 1;
				DEVELOPMENT_ASSET_PATHS = "\"ExploreCharts/Preview Content\"";
				ENABLE_PREVIEWS = YES;
				GENERATE_INFOPLIST_FILE = YES;
				INFOPLIST_KEY_UIApplicationSceneManifest_Generation = YES;
				INFOPLIST_KEY_UIApplicationSupportsIndirectInputEvents = YES;
				INFOPLIST_KEY_UILaunchScreen_Generation = YES;
				INFOPLIST_KEY_UISupportedInterfaceOrientations_iPad = "UIInterfaceOrientationPortrait UIInterfaceOrientationPortraitUpsideDown UIInterfaceOrientationLandscapeLeft UIInterfaceOrientationLandscapeRight";
				INFOPLIST_KEY_UISupportedInterfaceOrientations_iPhone = "UIInterfaceOrientationPortrait UIInterfaceOrientationLandscapeLeft UIInterfaceOrientationLandscapeRight";
				LD_RUNPATH_SEARCH_PATHS = (
					"$(inherited)",
					"@executable_path/Frameworks",
				);
				MARKETING_VERSION = 1.0;
				PRODUCT_BUNDLE_IDENTIFIER = com.nitpa.ExploreCharts;
				PRODUCT_NAME = "$(TARGET_NAME)";
				SWIFT_EMIT_LOC_STRINGS = YES;
				SWIFT_VERSION = 5.0;
				TARGETED_DEVICE_FAMILY = "1,2";
			};
			name = Debug;
		};
		6DD9AE2D2AD7C62700E2578C /* Release */ = {
			isa = XCBuildConfiguration;
			buildSettings = {
				ASSETCATALOG_COMPILER_APPICON_NAME = AppIcon;
				ASSETCATALOG_COMPILER_GLOBAL_ACCENT_COLOR_NAME = AccentColor;
				CODE_SIGN_STYLE = Automatic;
				CURRENT_PROJECT_VERSION = 1;
				DEVELOPMENT_ASSET_PATHS = "\"ExploreCharts/Preview Content\"";
				ENABLE_PREVIEWS = YES;
				GENERATE_INFOPLIST_FILE = YES;
				INFOPLIST_KEY_UIApplicationSceneManifest_Generation = YES;
				INFOPLIST_KEY_UIApplicationSupportsIndirectInputEvents = YES;
				INFOPLIST_KEY_UILaunchScreen_Generation = YES;
				INFOPLIST_KEY_UISupportedInterfaceOrientations_iPad = "UIInterfaceOrientationPortrait UIInterfaceOrientationPortraitUpsideDown UIInterfaceOrientationLandscapeLeft UIInterfaceOrientationLandscapeRight";
				INFOPLIST_KEY_UISupportedInterfaceOrientations_iPhone = "UIInterfaceOrientationPortrait UIInterfaceOrientationLandscapeLeft UIInterfaceOrientationLandscapeRight";
				LD_RUNPATH_SEARCH_PATHS = (
					"$(inherited)",
					"@executable_path/Frameworks",
				);
				MARKETING_VERSION = 1.0;
				PRODUCT_BUNDLE_IDENTIFIER = com.nitpa.ExploreCharts;
				PRODUCT_NAME = "$(TARGET_NAME)";
				SWIFT_EMIT_LOC_STRINGS = YES;
				SWIFT_VERSION = 5.0;
				TARGETED_DEVICE_FAMILY = "1,2";
			};
			name = Release;
		};
		6DD9AE2F2AD7C62700E2578C /* Debug */ = {
			isa = XCBuildConfiguration;
			buildSettings = {
				ALWAYS_EMBED_SWIFT_STANDARD_LIBRARIES = YES;
				BUNDLE_LOADER = "$(TEST_HOST)";
				CODE_SIGN_STYLE = Automatic;
				CURRENT_PROJECT_VERSION = 1;
				GENERATE_INFOPLIST_FILE = YES;
				IPHONEOS_DEPLOYMENT_TARGET = 17.0;
				MARKETING_VERSION = 1.0;
				PRODUCT_BUNDLE_IDENTIFIER = com.nitpa.ExploreChartsTests;
				PRODUCT_NAME = "$(TARGET_NAME)";
				SWIFT_EMIT_LOC_STRINGS = NO;
				SWIFT_VERSION = 5.0;
				TARGETED_DEVICE_FAMILY = "1,2";
				TEST_HOST = "$(BUILT_PRODUCTS_DIR)/ExploreCharts.app/$(BUNDLE_EXECUTABLE_FOLDER_PATH)/ExploreCharts";
			};
			name = Debug;
		};
		6DD9AE302AD7C62700E2578C /* Release */ = {
			isa = XCBuildConfiguration;
			buildSettings = {
				ALWAYS_EMBED_SWIFT_STANDARD_LIBRARIES = YES;
				BUNDLE_LOADER = "$(TEST_HOST)";
				CODE_SIGN_STYLE = Automatic;
				CURRENT_PROJECT_VERSION = 1;
				GENERATE_INFOPLIST_FILE = YES;
				IPHONEOS_DEPLOYMENT_TARGET = 17.0;
				MARKETING_VERSION = 1.0;
				PRODUCT_BUNDLE_IDENTIFIER = com.nitpa.ExploreChartsTests;
				PRODUCT_NAME = "$(TARGET_NAME)";
				SWIFT_EMIT_LOC_STRINGS = NO;
				SWIFT_VERSION = 5.0;
				TARGETED_DEVICE_FAMILY = "1,2";
				TEST_HOST = "$(BUILT_PRODUCTS_DIR)/ExploreCharts.app/$(BUNDLE_EXECUTABLE_FOLDER_PATH)/ExploreCharts";
			};
			name = Release;
		};
		6DD9AE322AD7C62700E2578C /* Debug */ = {
			isa = XCBuildConfiguration;
			buildSettings = {
				ALWAYS_EMBED_SWIFT_STANDARD_LIBRARIES = YES;
				CODE_SIGN_STYLE = Automatic;
				CURRENT_PROJECT_VERSION = 1;
				GENERATE_INFOPLIST_FILE = YES;
				MARKETING_VERSION = 1.0;
				PRODUCT_BUNDLE_IDENTIFIER = com.nitpa.ExploreChartsUITests;
				PRODUCT_NAME = "$(TARGET_NAME)";
				SWIFT_EMIT_LOC_STRINGS = NO;
				SWIFT_VERSION = 5.0;
				TARGETED_DEVICE_FAMILY = "1,2";
				TEST_TARGET_NAME = ExploreCharts;
			};
			name = Debug;
		};
		6DD9AE332AD7C62700E2578C /* Release */ = {
			isa = XCBuildConfiguration;
			buildSettings = {
				ALWAYS_EMBED_SWIFT_STANDARD_LIBRARIES = YES;
				CODE_SIGN_STYLE = Automatic;
				CURRENT_PROJECT_VERSION = 1;
				GENERATE_INFOPLIST_FILE = YES;
				MARKETING_VERSION = 1.0;
				PRODUCT_BUNDLE_IDENTIFIER = com.nitpa.ExploreChartsUITests;
				PRODUCT_NAME = "$(TARGET_NAME)";
				SWIFT_EMIT_LOC_STRINGS = NO;
				SWIFT_VERSION = 5.0;
				TARGETED_DEVICE_FAMILY = "1,2";
				TEST_TARGET_NAME = ExploreCharts;
			};
			name = Release;
		};
/* End XCBuildConfiguration section */

/* Begin XCConfigurationList section */
		6DD9AE022AD7C62100E2578C /* Build configuration list for PBXProject "ExploreCharts" */ = {
			isa = XCConfigurationList;
			buildConfigurations = (
				6DD9AE292AD7C62700E2578C /* Debug */,
				6DD9AE2A2AD7C62700E2578C /* Release */,
			);
			defaultConfigurationIsVisible = 0;
			defaultConfigurationName = Release;
		};
		6DD9AE2B2AD7C62700E2578C /* Build configuration list for PBXNativeTarget "ExploreCharts" */ = {
			isa = XCConfigurationList;
			buildConfigurations = (
				6DD9AE2C2AD7C62700E2578C /* Debug */,
				6DD9AE2D2AD7C62700E2578C /* Release */,
			);
			defaultConfigurationIsVisible = 0;
			defaultConfigurationName = Release;
		};
		6DD9AE2E2AD7C62700E2578C /* Build configuration list for PBXNativeTarget "ExploreChartsTests" */ = {
			isa = XCConfigurationList;
			buildConfigurations = (
				6DD9AE2F2AD7C62700E2578C /* Debug */,
				6DD9AE302AD7C62700E2578C /* Release */,
			);
			defaultConfigurationIsVisible = 0;
			defaultConfigurationName = Release;
		};
		6DD9AE312AD7C62700E2578C /* Build configuration list for PBXNativeTarget "ExploreChartsUITests" */ = {
			isa = XCConfigurationList;
			buildConfigurations = (
				6DD9AE322AD7C62700E2578C /* Debug */,
				6DD9AE332AD7C62700E2578C /* Release */,
			);
			defaultConfigurationIsVisible = 0;
			defaultConfigurationName = Release;
		};
/* End XCConfigurationList section */
	};
	rootObject = 6DD9ADFF2AD7C62100E2578C /* Project object */;
}
